// !$*UTF8*$!
{
	archiveVersion = 1;
	classes = {
	};
	objectVersion = 46;
	objects = {

/* Begin PBXBuildFile section */
		275A65E51CE0D25D0026E340 /* QuickSort.c in Sources */ = {isa = PBXBuildFile; fileRef = 275A65E31CE0D25D0026E340 /* QuickSort.c */; };
		27C98BD819E786B10033A3CD /* main.cpp in Sources */ = {isa = PBXBuildFile; fileRef = 27C98BD219E7858C0033A3CD /* main.cpp */; };
		27C98BDB19E788150033A3CD /* XiaoMiWrittenQuestion.cpp in Sources */ = {isa = PBXBuildFile; fileRef = 27C98BD919E788150033A3CD /* XiaoMiWrittenQuestion.cpp */; };
		27EB7F9319B3556200FCEC50 /* SubStringOfAli.cpp in Sources */ = {isa = PBXBuildFile; fileRef = 27EB7F9119B3556100FCEC50 /* SubStringOfAli.cpp */; };
/* End PBXBuildFile section */

/* Begin PBXCopyFilesBuildPhase section */
		27FE6E4E1932FD6100AB2EDE /* CopyFiles */ = {
			isa = PBXCopyFilesBuildPhase;
			buildActionMask = 2147483647;
			dstPath = /usr/share/man/man1/;
			dstSubfolderSpec = 0;
			files = (
			);
			runOnlyForDeploymentPostprocessing = 1;
		};
/* End PBXCopyFilesBuildPhase section */

/* Begin PBXFileReference section */
		275A65E31CE0D25D0026E340 /* QuickSort.c */ = {isa = PBXFileReference; fileEncoding = 4; lastKnownFileType = sourcecode.c.c; path = QuickSort.c; sourceTree = "<group>"; };
		275A65E41CE0D25D0026E340 /* QuickSort.h */ = {isa = PBXFileReference; fileEncoding = 4; lastKnownFileType = sourcecode.c.h; path = QuickSort.h; sourceTree = "<group>"; };
		27C98BD019E7858C0033A3CD /* BSTTreeOfAli.c */ = {isa = PBXFileReference; lastKnownFileType = sourcecode.c.c; name = BSTTreeOfAli.c; path = CppPractice/BSTTreeOfAli.c; sourceTree = "<group>"; };
		27C98BD119E7858C0033A3CD /* CppTest.1 */ = {isa = PBXFileReference; lastKnownFileType = text.man; path = CppTest.1; sourceTree = "<group>"; };
		27C98BD219E7858C0033A3CD /* main.cpp */ = {isa = PBXFileReference; lastKnownFileType = sourcecode.cpp.cpp; path = main.cpp; sourceTree = "<group>"; };
		27C98BD319E7858C0033A3CD /* Recursion.cpp */ = {isa = PBXFileReference; lastKnownFileType = sourcecode.cpp.cpp; name = Recursion.cpp; path = CppPractice/Recursion.cpp; sourceTree = "<group>"; };
		27C98BD419E7858C0033A3CD /* Recursion.h */ = {isa = PBXFileReference; lastKnownFileType = sourcecode.c.h; name = Recursion.h; path = CppPractice/Recursion.h; sourceTree = "<group>"; };
		27C98BD519E7858C0033A3CD /* StringBuffer.cpp */ = {isa = PBXFileReference; lastKnownFileType = sourcecode.cpp.cpp; name = StringBuffer.cpp; path = CppPractice/StringBuffer.cpp; sourceTree = "<group>"; };
		27C98BD619E7858C0033A3CD /* StringBuffer.h */ = {isa = PBXFileReference; lastKnownFileType = sourcecode.c.h; name = StringBuffer.h; path = CppPractice/StringBuffer.h; sourceTree = "<group>"; };
		27C98BD919E788150033A3CD /* XiaoMiWrittenQuestion.cpp */ = {isa = PBXFileReference; fileEncoding = 4; lastKnownFileType = sourcecode.cpp.cpp; path = XiaoMiWrittenQuestion.cpp; sourceTree = "<group>"; };
		27C98BDA19E788150033A3CD /* XiaoMiWrittenQuestion.h */ = {isa = PBXFileReference; fileEncoding = 4; lastKnownFileType = sourcecode.c.h; path = XiaoMiWrittenQuestion.h; sourceTree = "<group>"; };
		27EB7F9119B3556100FCEC50 /* SubStringOfAli.cpp */ = {isa = PBXFileReference; fileEncoding = 4; lastKnownFileType = sourcecode.cpp.cpp; path = SubStringOfAli.cpp; sourceTree = "<group>"; };
		27EB7F9219B3556200FCEC50 /* SubStringOfAli.h */ = {isa = PBXFileReference; fileEncoding = 4; lastKnownFileType = sourcecode.c.h; path = SubStringOfAli.h; sourceTree = "<group>"; };
		27FE6E501932FD6100AB2EDE /* CppPractice */ = {isa = PBXFileReference; explicitFileType = "compiled.mach-o.executable"; includeInIndex = 0; path = CppPractice; sourceTree = BUILT_PRODUCTS_DIR; };
/* End PBXFileReference section */

/* Begin PBXFrameworksBuildPhase section */
		27FE6E4D1932FD6100AB2EDE /* Frameworks */ = {
			isa = PBXFrameworksBuildPhase;
			buildActionMask = 2147483647;
			files = (
			);
			runOnlyForDeploymentPostprocessing = 0;
		};
/* End PBXFrameworksBuildPhase section */

/* Begin PBXGroup section */
		27C98BCF19E7858C0033A3CD /* CppPractice */ = {
			isa = PBXGroup;
			children = (
				27C98BD119E7858C0033A3CD /* CppTest.1 */,
				27C98BD219E7858C0033A3CD /* main.cpp */,
			);
			path = CppPractice;
			sourceTree = "<group>";
		};
		27E6BD4C1958204500C486E7 /* Algorithm */ = {
			isa = PBXGroup;
			children = (
				275A65E31CE0D25D0026E340 /* QuickSort.c */,
				275A65E41CE0D25D0026E340 /* QuickSort.h */,
				27C98BD019E7858C0033A3CD /* BSTTreeOfAli.c */,
				27C98BD319E7858C0033A3CD /* Recursion.cpp */,
				27C98BD419E7858C0033A3CD /* Recursion.h */,
				27EB7F9119B3556100FCEC50 /* SubStringOfAli.cpp */,
				27EB7F9219B3556200FCEC50 /* SubStringOfAli.h */,
				27C98BD519E7858C0033A3CD /* StringBuffer.cpp */,
				27C98BD619E7858C0033A3CD /* StringBuffer.h */,
				27C98BDA19E788150033A3CD /* XiaoMiWrittenQuestion.h */,
				27C98BD919E788150033A3CD /* XiaoMiWrittenQuestion.cpp */,
			);
			name = Algorithm;
			sourceTree = "<group>";
		};
		27FE6E471932FD6000AB2EDE = {
			isa = PBXGroup;
			children = (
				27C98BCF19E7858C0033A3CD /* CppPractice */,
				27E6BD4C1958204500C486E7 /* Algorithm */,
				27FE6E511932FD6100AB2EDE /* Products */,
			);
			sourceTree = "<group>";
		};
		27FE6E511932FD6100AB2EDE /* Products */ = {
			isa = PBXGroup;
			children = (
				27FE6E501932FD6100AB2EDE /* CppPractice */,
			);
			name = Products;
			sourceTree = "<group>";
		};
/* End PBXGroup section */

/* Begin PBXNativeTarget section */
		27FE6E4F1932FD6100AB2EDE /* CppPractice */ = {
			isa = PBXNativeTarget;
			buildConfigurationList = 27FE6E591932FD6100AB2EDE /* Build configuration list for PBXNativeTarget "CppPractice" */;
			buildPhases = (
				27FE6E4C1932FD6100AB2EDE /* Sources */,
				27FE6E4D1932FD6100AB2EDE /* Frameworks */,
				27FE6E4E1932FD6100AB2EDE /* CopyFiles */,
			);
			buildRules = (
			);
			dependencies = (
			);
			name = CppPractice;
			productName = CppTest;
			productReference = 27FE6E501932FD6100AB2EDE /* CppPractice */;
			productType = "com.apple.product-type.tool";
		};
/* End PBXNativeTarget section */

/* Begin PBXProject section */
		27FE6E481932FD6100AB2EDE /* Project object */ = {
			isa = PBXProject;
			attributes = {
				LastUpgradeCheck = 0510;
				ORGANIZATIONNAME = ZQP;
			};
			buildConfigurationList = 27FE6E4B1932FD6100AB2EDE /* Build configuration list for PBXProject "CppPractice" */;
			compatibilityVersion = "Xcode 3.2";
			developmentRegion = English;
			hasScannedForEncodings = 0;
			knownRegions = (
				en,
			);
			mainGroup = 27FE6E471932FD6000AB2EDE;
			productRefGroup = 27FE6E511932FD6100AB2EDE /* Products */;
			projectDirPath = "";
			projectRoot = "";
			targets = (
				27FE6E4F1932FD6100AB2EDE /* CppPractice */,
			);
		};
/* End PBXProject section */

/* Begin PBXSourcesBuildPhase section */
		27FE6E4C1932FD6100AB2EDE /* Sources */ = {
			isa = PBXSourcesBuildPhase;
			buildActionMask = 2147483647;
			files = (
				27C98BDB19E788150033A3CD /* XiaoMiWrittenQuestion.cpp in Sources */,
				275A65E51CE0D25D0026E340 /* QuickSort.c in Sources */,
				27C98BD819E786B10033A3CD /* main.cpp in Sources */,
				27EB7F9319B3556200FCEC50 /* SubStringOfAli.cpp in Sources */,
			);
			runOnlyForDeploymentPostprocessing = 0;
		};
/* End PBXSourcesBuildPhase section */

/* Begin XCBuildConfiguration section */
		27FE6E571932FD6100AB2EDE /* Debug */ = {
			isa = XCBuildConfiguration;
			buildSettings = {
				ALWAYS_SEARCH_USER_PATHS = NO;
				CLANG_CXX_LANGUAGE_STANDARD = "gnu++0x";
				CLANG_CXX_LIBRARY = "libc++";
				CLANG_ENABLE_MODULES = YES;
				CLANG_ENABLE_OBJC_ARC = YES;
				CLANG_WARN_BOOL_CONVERSION = YES;
				CLANG_WARN_CONSTANT_CONVERSION = YES;
				CLANG_WARN_DIRECT_OBJC_ISA_USAGE = YES_ERROR;
				CLANG_WARN_EMPTY_BODY = YES;
				CLANG_WARN_ENUM_CONVERSION = YES;
				CLANG_WARN_INT_CONVERSION = YES;
				CLANG_WARN_OBJC_ROOT_CLASS = YES_ERROR;
				CLANG_WARN__DUPLICATE_METHOD_MATCH = YES;
				COPY_PHASE_STRIP = NO;
				GCC_C_LANGUAGE_STANDARD = gnu99;
				GCC_DYNAMIC_NO_PIC = NO;
				GCC_ENABLE_OBJC_EXCEPTIONS = YES;
				GCC_OPTIMIZATION_LEVEL = 0;
				GCC_PREPROCESSOR_DEFINITIONS = (
					"DEBUG=1",
					"$(inherited)",
				);
				GCC_SYMBOLS_PRIVATE_EXTERN = NO;
				GCC_WARN_64_TO_32_BIT_CONVERSION = YES;
				GCC_WARN_ABOUT_RETURN_TYPE = YES_ERROR;
				GCC_WARN_UNDECLARED_SELECTOR = YES;
				GCC_WARN_UNINITIALIZED_AUTOS = YES_AGGRESSIVE;
				GCC_WARN_UNUSED_FUNCTION = YES;
				GCC_WARN_UNUSED_VARIABLE = YES;
				MACOSX_DEPLOYMENT_TARGET = 10.9;
				ONLY_ACTIVE_ARCH = YES;
				SDKROOT = macosx;
			};
			name = Debug;
		};
		27FE6E581932FD6100AB2EDE /* Release */ = {
			isa = XCBuildConfiguration;
			buildSettings = {
				ALWAYS_SEARCH_USER_PATHS = NO;
				CLANG_CXX_LANGUAGE_STANDARD = "gnu++0x";
				CLANG_CXX_LIBRARY = "libc++";
				CLANG_ENABLE_MODULES = YES;
				CLANG_ENABLE_OBJC_ARC = YES;
				CLANG_WARN_BOOL_CONVERSION = YES;
				CLANG_WARN_CONSTANT_CONVERSION = YES;
				CLANG_WARN_DIRECT_OBJC_ISA_USAGE = YES_ERROR;
				CLANG_WARN_EMPTY_BODY = YES;
				CLANG_WARN_ENUM_CONVERSION = YES;
				CLANG_WARN_INT_CONVERSION = YES;
				CLANG_WARN_OBJC_ROOT_CLASS = YES_ERROR;
				CLANG_WARN__DUPLICATE_METHOD_MATCH = YES;
				COPY_PHASE_STRIP = YES;
				DEBUG_INFORMATION_FORMAT = "dwarf-with-dsym";
				ENABLE_NS_ASSERTIONS = NO;
				GCC_C_LANGUAGE_STANDARD = gnu99;
				GCC_ENABLE_OBJC_EXCEPTIONS = YES;
				GCC_WARN_64_TO_32_BIT_CONVERSION = YES;
				GCC_WARN_ABOUT_RETURN_TYPE = YES_ERROR;
				GCC_WARN_UNDECLARED_SELECTOR = YES;
				GCC_WARN_UNINITIALIZED_AUTOS = YES_AGGRESSIVE;
				GCC_WARN_UNUSED_FUNCTION = YES;
				GCC_WARN_UNUSED_VARIABLE = YES;
				MACOSX_DEPLOYMENT_TARGET = 10.9;
				SDKROOT = macosx;
			};
			name = Release;
		};
		27FE6E5A1932FD6100AB2EDE /* Debug */ = {
			isa = XCBuildConfiguration;
			buildSettings = {
				PRODUCT_NAME = CppPractice;
			};
			name = Debug;
		};
		27FE6E5B1932FD6100AB2EDE /* Release */ = {
			isa = XCBuildConfiguration;
			buildSettings = {
				PRODUCT_NAME = CppPractice;
			};
			name = Release;
		};
/* End XCBuildConfiguration section */

/* Begin XCConfigurationList section */
		27FE6E4B1932FD6100AB2EDE /* Build configuration list for PBXProject "CppPractice" */ = {
			isa = XCConfigurationList;
			buildConfigurations = (
				27FE6E571932FD6100AB2EDE /* Debug */,
				27FE6E581932FD6100AB2EDE /* Release */,
			);
			defaultConfigurationIsVisible = 0;
			defaultConfigurationName = Release;
		};
		27FE6E591932FD6100AB2EDE /* Build configuration list for PBXNativeTarget "CppPractice" */ = {
			isa = XCConfigurationList;
			buildConfigurations = (
				27FE6E5A1932FD6100AB2EDE /* Debug */,
				27FE6E5B1932FD6100AB2EDE /* Release */,
			);
			defaultConfigurationIsVisible = 0;
			defaultConfigurationName = Release;
		};
/* End XCConfigurationList section */
	};
	rootObject = 27FE6E481932FD6100AB2EDE /* Project object */;
}
