// !$*UTF8*$!
{
	archiveVersion = 1;
	classes = {
	};
	objectVersion = 46;
	objects = {

/* Begin PBXBuildFile section */
		272897F51CE7398000FE2C34 /* BinarySearchTree.cpp in Sources */ = {isa = PBXBuildFile; fileRef = 272897F31CE7398000FE2C34 /* BinarySearchTree.cpp */; };
		275A65FF1CE0D55E0026E340 /* QuickSort.c in Sources */ = {isa = PBXBuildFile; fileRef = 275A65F91CE0D55E0026E340 /* QuickSort.c */; };
		275A66001CE0D55E0026E340 /* Recursion.cpp in Sources */ = {isa = PBXBuildFile; fileRef = 275A65FB1CE0D55E0026E340 /* Recursion.cpp */; };
		275A66011CE0D55E0026E340 /* StringBuffer.cpp in Sources */ = {isa = PBXBuildFile; fileRef = 275A65FD1CE0D55E0026E340 /* StringBuffer.cpp */; };
		275A66091CE0D6B70026E340 /* main.cpp in Sources */ = {isa = PBXBuildFile; fileRef = 275A66051CE0D5810026E340 /* main.cpp */; };
		275A660C1CE0D6D00026E340 /* SeperateRMB.cpp in Sources */ = {isa = PBXBuildFile; fileRef = 275A660A1CE0D6D00026E340 /* SeperateRMB.cpp */; };
		27CD60531CE8448300199A82 /* testBST.cpp in Sources */ = {isa = PBXBuildFile; fileRef = 27CD60511CE8448300199A82 /* testBST.cpp */; };
		27E83C501CF73E0600BD8835 /* HashMap.c in Sources */ = {isa = PBXBuildFile; fileRef = 27E83C4E1CF73E0600BD8835 /* HashMap.c */; };
/* End PBXBuildFile section */

/* Begin PBXCopyFilesBuildPhase section */
		27FE6E4E1932FD6100AB2EDE /* CopyFiles */ = {
			isa = PBXCopyFilesBuildPhase;
			buildActionMask = 2147483647;
			dstPath = /usr/share/man/man1/;
			dstSubfolderSpec = 0;
			files = (
			);
			runOnlyForDeploymentPostprocessing = 1;
		};
/* End PBXCopyFilesBuildPhase section */

/* Begin PBXFileReference section */
		272897F31CE7398000FE2C34 /* BinarySearchTree.cpp */ = {isa = PBXFileReference; fileEncoding = 4; lastKnownFileType = sourcecode.cpp.cpp; path = BinarySearchTree.cpp; sourceTree = "<group>"; };
		272897F41CE7398000FE2C34 /* BinarySearchTree.hpp */ = {isa = PBXFileReference; fileEncoding = 4; lastKnownFileType = sourcecode.cpp.h; path = BinarySearchTree.hpp; sourceTree = "<group>"; };
		275A65F31CE0D5190026E340 /* BSTTreeOfAli.c */ = {isa = PBXFileReference; lastKnownFileType = sourcecode.c.c; path = BSTTreeOfAli.c; sourceTree = "<group>"; };
		275A65F41CE0D5190026E340 /* SubStringOfAli.cpp */ = {isa = PBXFileReference; lastKnownFileType = sourcecode.cpp.cpp; path = SubStringOfAli.cpp; sourceTree = "<group>"; };
		275A65F51CE0D5190026E340 /* SubStringOfAli.h */ = {isa = PBXFileReference; lastKnownFileType = sourcecode.c.h; path = SubStringOfAli.h; sourceTree = "<group>"; };
		275A65F61CE0D5190026E340 /* XiaoMiWrittenQuestion.cpp */ = {isa = PBXFileReference; lastKnownFileType = sourcecode.cpp.cpp; path = XiaoMiWrittenQuestion.cpp; sourceTree = "<group>"; };
		275A65F71CE0D5190026E340 /* XiaoMiWrittenQuestion.h */ = {isa = PBXFileReference; lastKnownFileType = sourcecode.c.h; path = XiaoMiWrittenQuestion.h; sourceTree = "<group>"; };
		275A65F91CE0D55E0026E340 /* QuickSort.c */ = {isa = PBXFileReference; fileEncoding = 4; lastKnownFileType = sourcecode.c.c; path = QuickSort.c; sourceTree = "<group>"; };
		275A65FA1CE0D55E0026E340 /* QuickSort.h */ = {isa = PBXFileReference; fileEncoding = 4; lastKnownFileType = sourcecode.c.h; path = QuickSort.h; sourceTree = "<group>"; };
		275A65FB1CE0D55E0026E340 /* Recursion.cpp */ = {isa = PBXFileReference; fileEncoding = 4; lastKnownFileType = sourcecode.cpp.cpp; path = Recursion.cpp; sourceTree = "<group>"; };
		275A65FC1CE0D55E0026E340 /* Recursion.h */ = {isa = PBXFileReference; fileEncoding = 4; lastKnownFileType = sourcecode.c.h; path = Recursion.h; sourceTree = "<group>"; };
		275A65FD1CE0D55E0026E340 /* StringBuffer.cpp */ = {isa = PBXFileReference; fileEncoding = 4; lastKnownFileType = sourcecode.cpp.cpp; path = StringBuffer.cpp; sourceTree = "<group>"; };
		275A65FE1CE0D55E0026E340 /* StringBuffer.h */ = {isa = PBXFileReference; fileEncoding = 4; lastKnownFileType = sourcecode.c.h; path = StringBuffer.h; sourceTree = "<group>"; };
		275A66031CE0D5810026E340 /* Collection.cpp */ = {isa = PBXFileReference; lastKnownFileType = sourcecode.cpp.cpp; path = Collection.cpp; sourceTree = "<group>"; };
		275A66041CE0D5810026E340 /* Collection.hpp */ = {isa = PBXFileReference; lastKnownFileType = sourcecode.cpp.h; path = Collection.hpp; sourceTree = "<group>"; };
		275A66051CE0D5810026E340 /* main.cpp */ = {isa = PBXFileReference; lastKnownFileType = sourcecode.cpp.cpp; path = main.cpp; sourceTree = "<group>"; };
		275A660A1CE0D6D00026E340 /* SeperateRMB.cpp */ = {isa = PBXFileReference; fileEncoding = 4; lastKnownFileType = sourcecode.cpp.cpp; path = SeperateRMB.cpp; sourceTree = "<group>"; };
		275A660B1CE0D6D00026E340 /* SeperateRMB.hpp */ = {isa = PBXFileReference; fileEncoding = 4; lastKnownFileType = sourcecode.cpp.h; path = SeperateRMB.hpp; sourceTree = "<group>"; };
		27CD60511CE8448300199A82 /* testBST.cpp */ = {isa = PBXFileReference; fileEncoding = 4; lastKnownFileType = sourcecode.cpp.cpp; path = testBST.cpp; sourceTree = "<group>"; };
		27CD60521CE8448300199A82 /* testBST.hpp */ = {isa = PBXFileReference; fileEncoding = 4; lastKnownFileType = sourcecode.cpp.h; path = testBST.hpp; sourceTree = "<group>"; };
		27E83C4E1CF73E0600BD8835 /* HashMap.c */ = {isa = PBXFileReference; fileEncoding = 4; lastKnownFileType = sourcecode.c.c; path = HashMap.c; sourceTree = "<group>"; };
		27E83C4F1CF73E0600BD8835 /* HashMap.h */ = {isa = PBXFileReference; fileEncoding = 4; lastKnownFileType = sourcecode.c.h; path = HashMap.h; sourceTree = "<group>"; };
		27FE6E501932FD6100AB2EDE /* CppPractice */ = {isa = PBXFileReference; explicitFileType = "compiled.mach-o.executable"; includeInIndex = 0; path = CppPractice; sourceTree = BUILT_PRODUCTS_DIR; };
/* End PBXFileReference section */

/* Begin PBXFrameworksBuildPhase section */
		27FE6E4D1932FD6100AB2EDE /* Frameworks */ = {
			isa = PBXFrameworksBuildPhase;
			buildActionMask = 2147483647;
			files = (
			);
			runOnlyForDeploymentPostprocessing = 0;
		};
/* End PBXFrameworksBuildPhase section */

/* Begin PBXGroup section */
		275A65F21CE0D5190026E340 /* Question */ = {
			isa = PBXGroup;
			children = (
				275A65F31CE0D5190026E340 /* BSTTreeOfAli.c */,
				275A65F41CE0D5190026E340 /* SubStringOfAli.cpp */,
				275A65F51CE0D5190026E340 /* SubStringOfAli.h */,
				275A65F61CE0D5190026E340 /* XiaoMiWrittenQuestion.cpp */,
				275A65F71CE0D5190026E340 /* XiaoMiWrittenQuestion.h */,
				275A660A1CE0D6D00026E340 /* SeperateRMB.cpp */,
				275A660B1CE0D6D00026E340 /* SeperateRMB.hpp */,
			);
			path = Question;
			sourceTree = "<group>";
		};
		275A65F81CE0D55E0026E340 /* Algorithm */ = {
			isa = PBXGroup;
			children = (
				275A65F91CE0D55E0026E340 /* QuickSort.c */,
				275A65FA1CE0D55E0026E340 /* QuickSort.h */,
				275A65FB1CE0D55E0026E340 /* Recursion.cpp */,
				275A65FC1CE0D55E0026E340 /* Recursion.h */,
				275A65FD1CE0D55E0026E340 /* StringBuffer.cpp */,
				275A65FE1CE0D55E0026E340 /* StringBuffer.h */,
				272897F31CE7398000FE2C34 /* BinarySearchTree.cpp */,
				272897F41CE7398000FE2C34 /* BinarySearchTree.hpp */,
				27E83C4E1CF73E0600BD8835 /* HashMap.c */,
				27E83C4F1CF73E0600BD8835 /* HashMap.h */,
			);
			path = Algorithm;
			sourceTree = "<group>";
		};
		275A66021CE0D5810026E340 /* CppPractice */ = {
			isa = PBXGroup;
			children = (
				275A66031CE0D5810026E340 /* Collection.cpp */,
				275A66041CE0D5810026E340 /* Collection.hpp */,
				275A66051CE0D5810026E340 /* main.cpp */,
			);
			path = CppPractice;
			sourceTree = "<group>";
		};
		27CD60501CE8446F00199A82 /* Test */ = {
			isa = PBXGroup;
			children = (
				27CD60511CE8448300199A82 /* testBST.cpp */,
				27CD60521CE8448300199A82 /* testBST.hpp */,
			);
			path = Test;
			sourceTree = "<group>";
		};
		27FE6E471932FD6000AB2EDE = {
			isa = PBXGroup;
			children = (
				275A66021CE0D5810026E340 /* CppPractice */,
				275A65F81CE0D55E0026E340 /* Algorithm */,
				275A65F21CE0D5190026E340 /* Question */,
				27CD60501CE8446F00199A82 /* Test */,
				27FE6E511932FD6100AB2EDE /* Products */,
			);
			sourceTree = "<group>";
		};
		27FE6E511932FD6100AB2EDE /* Products */ = {
			isa = PBXGroup;
			children = (
				27FE6E501932FD6100AB2EDE /* CppPractice */,
			);
			name = Products;
			sourceTree = "<group>";
		};
/* End PBXGroup section */

/* Begin PBXNativeTarget section */
		27FE6E4F1932FD6100AB2EDE /* CppPractice */ = {
			isa = PBXNativeTarget;
			buildConfigurationList = 27FE6E591932FD6100AB2EDE /* Build configuration list for PBXNativeTarget "CppPractice" */;
			buildPhases = (
				27FE6E4C1932FD6100AB2EDE /* Sources */,
				27FE6E4D1932FD6100AB2EDE /* Frameworks */,
				27FE6E4E1932FD6100AB2EDE /* CopyFiles */,
			);
			buildRules = (
			);
			dependencies = (
			);
			name = CppPractice;
			productName = CppTest;
			productReference = 27FE6E501932FD6100AB2EDE /* CppPractice */;
			productType = "com.apple.product-type.tool";
		};
/* End PBXNativeTarget section */

/* Begin PBXProject section */
		27FE6E481932FD6100AB2EDE /* Project object */ = {
			isa = PBXProject;
			attributes = {
				LastUpgradeCheck = 0510;
				ORGANIZATIONNAME = ZQP;
			};
			buildConfigurationList = 27FE6E4B1932FD6100AB2EDE /* Build configuration list for PBXProject "Algorithm" */;
			compatibilityVersion = "Xcode 3.2";
			developmentRegion = English;
			hasScannedForEncodings = 0;
			knownRegions = (
				en,
			);
			mainGroup = 27FE6E471932FD6000AB2EDE;
			productRefGroup = 27FE6E511932FD6100AB2EDE /* Products */;
			projectDirPath = "";
			projectRoot = "";
			targets = (
				27FE6E4F1932FD6100AB2EDE /* CppPractice */,
			);
		};
/* End PBXProject section */

/* Begin PBXSourcesBuildPhase section */
		27FE6E4C1932FD6100AB2EDE /* Sources */ = {
			isa = PBXSourcesBuildPhase;
			buildActionMask = 2147483647;
			files = (
				27E83C501CF73E0600BD8835 /* HashMap.c in Sources */,
				275A66001CE0D55E0026E340 /* Recursion.cpp in Sources */,
				275A660C1CE0D6D00026E340 /* SeperateRMB.cpp in Sources */,
				272897F51CE7398000FE2C34 /* BinarySearchTree.cpp in Sources */,
				275A65FF1CE0D55E0026E340 /* QuickSort.c in Sources */,
				275A66091CE0D6B70026E340 /* main.cpp in Sources */,
				275A66011CE0D55E0026E340 /* StringBuffer.cpp in Sources */,
				27CD60531CE8448300199A82 /* testBST.cpp in Sources */,
			);
			runOnlyForDeploymentPostprocessing = 0;
		};
/* End PBXSourcesBuildPhase section */

/* Begin XCBuildConfiguration section */
		27FE6E571932FD6100AB2EDE /* Debug */ = {
			isa = XCBuildConfiguration;
			buildSettings = {
				ALWAYS_SEARCH_USER_PATHS = NO;
				CLANG_CXX_LANGUAGE_STANDARD = "gnu++0x";
				CLANG_CXX_LIBRARY = "libc++";
				CLANG_ENABLE_MODULES = YES;
				CLANG_ENABLE_OBJC_ARC = YES;
				CLANG_WARN_BOOL_CONVERSION = YES;
				CLANG_WARN_CONSTANT_CONVERSION = YES;
				CLANG_WARN_DIRECT_OBJC_ISA_USAGE = YES_ERROR;
				CLANG_WARN_EMPTY_BODY = YES;
				CLANG_WARN_ENUM_CONVERSION = YES;
				CLANG_WARN_INT_CONVERSION = YES;
				CLANG_WARN_OBJC_ROOT_CLASS = YES_ERROR;
				CLANG_WARN__DUPLICATE_METHOD_MATCH = YES;
				COPY_PHASE_STRIP = NO;
				GCC_C_LANGUAGE_STANDARD = gnu99;
				GCC_DYNAMIC_NO_PIC = NO;
				GCC_ENABLE_OBJC_EXCEPTIONS = YES;
				GCC_OPTIMIZATION_LEVEL = 0;
				GCC_PREPROCESSOR_DEFINITIONS = (
					"DEBUG=1",
					"$(inherited)",
				);
				GCC_SYMBOLS_PRIVATE_EXTERN = NO;
				GCC_WARN_64_TO_32_BIT_CONVERSION = YES;
				GCC_WARN_ABOUT_RETURN_TYPE = YES_ERROR;
				GCC_WARN_UNDECLARED_SELECTOR = YES;
				GCC_WARN_UNINITIALIZED_AUTOS = YES_AGGRESSIVE;
				GCC_WARN_UNUSED_FUNCTION = YES;
				GCC_WARN_UNUSED_VARIABLE = YES;
				MACOSX_DEPLOYMENT_TARGET = 10.9;
				ONLY_ACTIVE_ARCH = YES;
				SDKROOT = macosx;
			};
			name = Debug;
		};
		27FE6E581932FD6100AB2EDE /* Release */ = {
			isa = XCBuildConfiguration;
			buildSettings = {
				ALWAYS_SEARCH_USER_PATHS = NO;
				CLANG_CXX_LANGUAGE_STANDARD = "gnu++0x";
				CLANG_CXX_LIBRARY = "libc++";
				CLANG_ENABLE_MODULES = YES;
				CLANG_ENABLE_OBJC_ARC = YES;
				CLANG_WARN_BOOL_CONVERSION = YES;
				CLANG_WARN_CONSTANT_CONVERSION = YES;
				CLANG_WARN_DIRECT_OBJC_ISA_USAGE = YES_ERROR;
				CLANG_WARN_EMPTY_BODY = YES;
				CLANG_WARN_ENUM_CONVERSION = YES;
				CLANG_WARN_INT_CONVERSION = YES;
				CLANG_WARN_OBJC_ROOT_CLASS = YES_ERROR;
				CLANG_WARN__DUPLICATE_METHOD_MATCH = YES;
				COPY_PHASE_STRIP = YES;
				DEBUG_INFORMATION_FORMAT = "dwarf-with-dsym";
				ENABLE_NS_ASSERTIONS = NO;
				GCC_C_LANGUAGE_STANDARD = gnu99;
				GCC_ENABLE_OBJC_EXCEPTIONS = YES;
				GCC_WARN_64_TO_32_BIT_CONVERSION = YES;
				GCC_WARN_ABOUT_RETURN_TYPE = YES_ERROR;
				GCC_WARN_UNDECLARED_SELECTOR = YES;
				GCC_WARN_UNINITIALIZED_AUTOS = YES_AGGRESSIVE;
				GCC_WARN_UNUSED_FUNCTION = YES;
				GCC_WARN_UNUSED_VARIABLE = YES;
				MACOSX_DEPLOYMENT_TARGET = 10.9;
				SDKROOT = macosx;
			};
			name = Release;
		};
		27FE6E5A1932FD6100AB2EDE /* Debug */ = {
			isa = XCBuildConfiguration;
			buildSettings = {
				PRODUCT_NAME = CppPractice;
			};
			name = Debug;
		};
		27FE6E5B1932FD6100AB2EDE /* Release */ = {
			isa = XCBuildConfiguration;
			buildSettings = {
				PRODUCT_NAME = CppPractice;
			};
			name = Release;
		};
/* End XCBuildConfiguration section */

/* Begin XCConfigurationList section */
		27FE6E4B1932FD6100AB2EDE /* Build configuration list for PBXProject "Algorithm" */ = {
			isa = XCConfigurationList;
			buildConfigurations = (
				27FE6E571932FD6100AB2EDE /* Debug */,
				27FE6E581932FD6100AB2EDE /* Release */,
			);
			defaultConfigurationIsVisible = 0;
			defaultConfigurationName = Release;
		};
		27FE6E591932FD6100AB2EDE /* Build configuration list for PBXNativeTarget "CppPractice" */ = {
			isa = XCConfigurationList;
			buildConfigurations = (
				27FE6E5A1932FD6100AB2EDE /* Debug */,
				27FE6E5B1932FD6100AB2EDE /* Release */,
			);
			defaultConfigurationIsVisible = 0;
			defaultConfigurationName = Release;
		};
/* End XCConfigurationList section */
	};
	rootObject = 27FE6E481932FD6100AB2EDE /* Project object */;
}
